
Microsoft Visual Studio Solution File, Format Version 12.00
# Visual Studio Version 16
VisualStudioVersion = 16.0.30320.27
MinimumVisualStudioVersion = 10.0.40219.1
Project("{FAE04EC0-301F-11D3-BF4B-00C04F79EFBC}") = "WebApiNorth", "WebApiNorth\WebApiNorth.csproj", "{EB20CD35-8F6D-4C8D-9F12-BAB02E3F7A16}"
EndProject
Global
	GlobalSection(SolutionConfigurationPlatforms) = preSolution
		Debug|Any CPU = Debug|Any CPU
		Release|Any CPU = Release|Any CPU
	EndGlobalSection
	GlobalSection(ProjectConfigurationPlatforms) = postSolution
		{EB20CD35-8F6D-4C8D-9F12-BAB02E3F7A16}.Debug|Any CPU.ActiveCfg = Debug|Any CPU
		{EB20CD35-8F6D-4C8D-9F12-BAB02E3F7A16}.Debug|Any CPU.Build.0 = Debug|Any CPU
		{EB20CD35-8F6D-4C8D-9F12-BAB02E3F7A16}.Release|Any CPU.ActiveCfg = Release|Any CPU
		{EB20CD35-8F6D-4C8D-9F12-BAB02E3F7A16}.Release|Any CPU.Build.0 = Release|Any CPU
	EndGlobalSection
	GlobalSection(SolutionProperties) = preSolution
		HideSolutionNode = FALSE
	EndGlobalSection
	GlobalSection(ExtensibilityGlobals) = postSolution
		SolutionGuid = {AC908CC9-A5CC-4501-8781-A7B57D7E0AFD}
	EndGlobalSection
EndGlobal
